
Microsoft Visual Studio Solution File, Format Version 12.00
# Visual Studio Version 17
VisualStudioVersion = 17.3.32811.315
MinimumVisualStudioVersion = 10.0.40219.1
Project("{FAE04EC0-301F-11D3-BF4B-00C04F79EFBC}") = "SnakeLadder", "SnakeLadder.csproj", "{99096410-1AF4-482F-910F-34C3400C3CA9}"
EndProject
Global
	GlobalSection(SolutionConfigurationPlatforms) = preSolution
		Debug|Any CPU = Debug|Any CPU
		Release|Any CPU = Release|Any CPU
	EndGlobalSection
	GlobalSection(ProjectConfigurationPlatforms) = postSolution
		{99096410-1AF4-482F-910F-34C3400C3CA9}.Debug|Any CPU.ActiveCfg = Debug|Any CPU
		{99096410-1AF4-482F-910F-34C3400C3CA9}.Debug|Any CPU.Build.0 = Debug|Any CPU
		{99096410-1AF4-482F-910F-34C3400C3CA9}.Release|Any CPU.ActiveCfg = Release|Any CPU
		{99096410-1AF4-482F-910F-34C3400C3CA9}.Release|Any CPU.Build.0 = Release|Any CPU
	EndGlobalSection
	GlobalSection(SolutionProperties) = preSolution
		HideSolutionNode = FALSE
	EndGlobalSection
	GlobalSection(ExtensibilityGlobals) = postSolution
		SolutionGuid = {40A81179-9C73-4A5D-A75E-218B2DFCC14B}
	EndGlobalSection
EndGlobal
